Microsoft Visual Studio Solution File, Format Version 12.00
# Visual Studio Version 17
VisualStudioVersion = 17.14.36414.22
MinimumVisualStudioVersion = 10.0.40219.1
Project("{FAE04EC0-301F-11D3-BF4B-00C04F79EFBC}") = "BlazorAppCrud.AppHost", "BlazorAppCrud.AppHost\BlazorAppCrud.AppHost.csproj", "{B76A99C3-64A1-4445-B2B4-971ED8D3F1F9}"
EndProject
Project("{FAE04EC0-301F-11D3-BF4B-00C04F79EFBC}") = "BlazorAppCrud.ServiceDefaults", "BlazorAppCrud.ServiceDefaults\BlazorAppCrud.ServiceDefaults.csproj", "{9A59BC92-3369-EE3B-CF44-36E95EF69DCA}"
EndProject
Project("{FAE04EC0-301F-11D3-BF4B-00C04F79EFBC}") = "BlazorAppCrud.ApiService", "BlazorAppCrud.ApiService\BlazorAppCrud.ApiService.csproj", "{8E11A9B0-0A03-BCE4-1629-7CECC92D8C27}"
EndProject
Project("{FAE04EC0-301F-11D3-BF4B-00C04F79EFBC}") = "BlazorAppCrud.Web", "BlazorAppCrud.Web\BlazorAppCrud.Web.csproj", "{3D35BF1B-1941-0B59-4AAE-166C8652873E}"
EndProject
Project("{FAE04EC0-301F-11D3-BF4B-00C04F79EFBC}") = "BlazorApp.BL", "BlazorApp.BL\BlazorApp.BL.csproj", "{E775B4A1-BB7A-449A-B851-89CB9B2B5AC7}"
EndProject
Project("{FAE04EC0-301F-11D3-BF4B-00C04F79EFBC}") = "BlazorApp.Model", "BlazorApp.Model\BlazorApp.Model.csproj", "{7479635E-7D04-401D-880F-4AE2A0A4E0DA}"
EndProject
Project("{FAE04EC0-301F-11D3-BF4B-00C04F79EFBC}") = "BlazerApp.Database", "BlazorApp.Database\BlazerApp.Database.csproj", "{BDF9510B-DD4E-2D08-7445-80040E7AA359}"
EndProject
Global
	GlobalSection(SolutionConfigurationPlatforms) = preSolution
		Debug|Any CPU = Debug|Any CPU
		Release|Any CPU = Release|Any CPU
	EndGlobalSection
	GlobalSection(ProjectConfigurationPlatforms) = postSolution
		{B76A99C3-64A1-4445-B2B4-971ED8D3F1F9}.Debug|Any CPU.ActiveCfg = Debug|Any CPU
		{B76A99C3-64A1-4445-B2B4-971ED8D3F1F9}.Debug|Any CPU.Build.0 = Debug|Any CPU
		{B76A99C3-64A1-4445-B2B4-971ED8D3F1F9}.Release|Any CPU.ActiveCfg = Release|Any CPU
		{B76A99C3-64A1-4445-B2B4-971ED8D3F1F9}.Release|Any CPU.Build.0 = Release|Any CPU
		{9A59BC92-3369-EE3B-CF44-36E95EF69DCA}.Debug|Any CPU.ActiveCfg = Debug|Any CPU
		{9A59BC92-3369-EE3B-CF44-36E95EF69DCA}.Debug|Any CPU.Build.0 = Debug|Any CPU
		{9A59BC92-3369-EE3B-CF44-36E95EF69DCA}.Release|Any CPU.ActiveCfg = Release|Any CPU
		{9A59BC92-3369-EE3B-CF44-36E95EF69DCA}.Release|Any CPU.Build.0 = Release|Any CPU
		{8E11A9B0-0A03-BCE4-1629-7CECC92D8C27}.Debug|Any CPU.ActiveCfg = Debug|Any CPU
		{8E11A9B0-0A03-BCE4-1629-7CECC92D8C27}.Debug|Any CPU.Build.0 = Debug|Any CPU
		{8E11A9B0-0A03-BCE4-1629-7CECC92D8C27}.Release|Any CPU.ActiveCfg = Release|Any CPU
		{8E11A9B0-0A03-BCE4-1629-7CECC92D8C27}.Release|Any CPU.Build.0 = Release|Any CPU
		{3D35BF1B-1941-0B59-4AAE-166C8652873E}.Debug|Any CPU.ActiveCfg = Debug|Any CPU
		{3D35BF1B-1941-0B59-4AAE-166C8652873E}.Debug|Any CPU.Build.0 = Debug|Any CPU
		{3D35BF1B-1941-0B59-4AAE-166C8652873E}.Release|Any CPU.ActiveCfg = Release|Any CPU
		{3D35BF1B-1941-0B59-4AAE-166C8652873E}.Release|Any CPU.Build.0 = Release|Any CPU
		{E775B4A1-BB7A-449A-B851-89CB9B2B5AC7}.Debug|Any CPU.ActiveCfg = Debug|Any CPU
		{E775B4A1-BB7A-449A-B851-89CB9B2B5AC7}.Debug|Any CPU.Build.0 = Debug|Any CPU
		{E775B4A1-BB7A-449A-B851-89CB9B2B5AC7}.Release|Any CPU.ActiveCfg = Release|Any CPU
		{E775B4A1-BB7A-449A-B851-89CB9B2B5AC7}.Release|Any CPU.Build.0 = Release|Any CPU
		{7479635E-7D04-401D-880F-4AE2A0A4E0DA}.Debug|Any CPU.ActiveCfg = Debug|Any CPU
		{7479635E-7D04-401D-880F-4AE2A0A4E0DA}.Debug|Any CPU.Build.0 = Debug|Any CPU
		{7479635E-7D04-401D-880F-4AE2A0A4E0DA}.Release|Any CPU.ActiveCfg = Release|Any CPU
		{7479635E-7D04-401D-880F-4AE2A0A4E0DA}.Release|Any CPU.Build.0 = Release|Any CPU
		{BDF9510B-DD4E-2D08-7445-80040E7AA359}.Debug|Any CPU.ActiveCfg = Debug|Any CPU
		{BDF9510B-DD4E-2D08-7445-80040E7AA359}.Debug|Any CPU.Build.0 = Debug|Any CPU
		{BDF9510B-DD4E-2D08-7445-80040E7AA359}.Release|Any CPU.ActiveCfg = Release|Any CPU
		{BDF9510B-DD4E-2D08-7445-80040E7AA359}.Release|Any CPU.Build.0 = Release|Any CPU
	EndGlobalSection
	GlobalSection(SolutionProperties) = preSolution
		HideSolutionNode = FALSE
	EndGlobalSection
	GlobalSection(ExtensibilityGlobals) = postSolution
		SolutionGuid = {CBF1591C-53E3-4589-8808-A877C256E84F}
	EndGlobalSection
EndGlobal
